
Microsoft Visual Studio Solution File, Format Version 12.00
# Visual Studio Version 17
VisualStudioVersion = 17.1.32328.378
MinimumVisualStudioVersion = 10.0.40219.1
Project("{9A19103F-16F7-4668-BE54-9A1E7A4F7556}") = "IndianStateCensusAnalyzer", "IndianStateCensusAnalyzer.csproj", "{32651285-4A88-4188-B969-2CAA84A87F49}"
EndProject
Project("{FAE04EC0-301F-11D3-BF4B-00C04F79EFBC}") = "CensualAnalyerTest", "..\CensualAnalyerTest\CensualAnalyerTest.csproj", "{B18003F9-82E5-468C-836E-F7A2D77C52F2}"
EndProject
Global
	GlobalSection(SolutionConfigurationPlatforms) = preSolution
		Debug|Any CPU = Debug|Any CPU
		Release|Any CPU = Release|Any CPU
	EndGlobalSection
	GlobalSection(ProjectConfigurationPlatforms) = postSolution
		{32651285-4A88-4188-B969-2CAA84A87F49}.Debug|Any CPU.ActiveCfg = Debug|Any CPU
		{32651285-4A88-4188-B969-2CAA84A87F49}.Debug|Any CPU.Build.0 = Debug|Any CPU
		{32651285-4A88-4188-B969-2CAA84A87F49}.Release|Any CPU.ActiveCfg = Release|Any CPU
		{32651285-4A88-4188-B969-2CAA84A87F49}.Release|Any CPU.Build.0 = Release|Any CPU
		{B18003F9-82E5-468C-836E-F7A2D77C52F2}.Debug|Any CPU.ActiveCfg = Debug|Any CPU
		{B18003F9-82E5-468C-836E-F7A2D77C52F2}.Debug|Any CPU.Build.0 = Debug|Any CPU
		{B18003F9-82E5-468C-836E-F7A2D77C52F2}.Release|Any CPU.ActiveCfg = Release|Any CPU
		{B18003F9-82E5-468C-836E-F7A2D77C52F2}.Release|Any CPU.Build.0 = Release|Any CPU
	EndGlobalSection
	GlobalSection(SolutionProperties) = preSolution
		HideSolutionNode = FALSE
	EndGlobalSection
	GlobalSection(ExtensibilityGlobals) = postSolution
		SolutionGuid = {3D38498F-65D5-4CA0-BF62-1CD52FC923B9}
	EndGlobalSection
EndGlobal
